
Microsoft Visual Studio Solution File, Format Version 12.00
# Visual Studio 15
Project("{FAE04EC0-301F-11D3-BF4B-00C04F79EFBC}") = "Assembly-CSharp", "Assembly-CSharp.csproj", "{78BAD6F2-ECD8-A735-B66D-632AC718ED3A}"
EndProject
Global
	GlobalSection(SolutionConfigurationPlatforms) = preSolution
		Debug|Any CPU = Debug|Any CPU
		Release|Any CPU = Release|Any CPU
	EndGlobalSection
	GlobalSection(ProjectConfigurationPlatforms) = postSolution
		{78BAD6F2-ECD8-A735-B66D-632AC718ED3A}.Debug|Any CPU.ActiveCfg = Debug|Any CPU
		{78BAD6F2-ECD8-A735-B66D-632AC718ED3A}.Debug|Any CPU.Build.0 = Debug|Any CPU
		{78BAD6F2-ECD8-A735-B66D-632AC718ED3A}.Release|Any CPU.ActiveCfg = Release|Any CPU
		{78BAD6F2-ECD8-A735-B66D-632AC718ED3A}.Release|Any CPU.Build.0 = Release|Any CPU
	EndGlobalSection
	GlobalSection(SolutionProperties) = preSolution
		HideSolutionNode = FALSE
	EndGlobalSection
EndGlobal
